
Microsoft Visual Studio Solution File, Format Version 12.00
# Visual Studio Version 17
VisualStudioVersion = 17.4.33205.214
MinimumVisualStudioVersion = 10.0.40219.1
Project("{8BC9CEB8-8B4A-11D0-8D11-00A0C91BC942}") = "whileLoopPractice", "whileLoopPractice\whileLoopPractice.vcxproj", "{3B60AF9B-E3ED-4857-B8BC-D470C3C25A4B}"
EndProject
Global
	GlobalSection(SolutionConfigurationPlatforms) = preSolution
		Debug|x64 = Debug|x64
		Debug|x86 = Debug|x86
		Release|x64 = Release|x64
		Release|x86 = Release|x86
	EndGlobalSection
	GlobalSection(ProjectConfigurationPlatforms) = postSolution
		{3B60AF9B-E3ED-4857-B8BC-D470C3C25A4B}.Debug|x64.ActiveCfg = Debug|x64
		{3B60AF9B-E3ED-4857-B8BC-D470C3C25A4B}.Debug|x64.Build.0 = Debug|x64
		{3B60AF9B-E3ED-4857-B8BC-D470C3C25A4B}.Debug|x86.ActiveCfg = Debug|Win32
		{3B60AF9B-E3ED-4857-B8BC-D470C3C25A4B}.Debug|x86.Build.0 = Debug|Win32
		{3B60AF9B-E3ED-4857-B8BC-D470C3C25A4B}.Release|x64.ActiveCfg = Release|x64
		{3B60AF9B-E3ED-4857-B8BC-D470C3C25A4B}.Release|x64.Build.0 = Release|x64
		{3B60AF9B-E3ED-4857-B8BC-D470C3C25A4B}.Release|x86.ActiveCfg = Release|Win32
		{3B60AF9B-E3ED-4857-B8BC-D470C3C25A4B}.Release|x86.Build.0 = Release|Win32
	EndGlobalSection
	GlobalSection(SolutionProperties) = preSolution
		HideSolutionNode = FALSE
	EndGlobalSection
	GlobalSection(ExtensibilityGlobals) = postSolution
		SolutionGuid = {94ABF89D-10C4-446C-BAEE-33D75AA7FC26}
	EndGlobalSection
EndGlobal
