
Microsoft Visual Studio Solution File, Format Version 12.00
# Visual Studio Version 17
VisualStudioVersion = 17.4.33205.214
MinimumVisualStudioVersion = 10.0.40219.1
Project("{8BC9CEB8-8B4A-11D0-8D11-00A0C91BC942}") = "pbr", "pbr\pbr.vcxproj", "{C3F673E1-3F4A-4414-A77B-2EB87C6FF225}"
EndProject
Global
	GlobalSection(SolutionConfigurationPlatforms) = preSolution
		Debug|x64 = Debug|x64
		Debug|x86 = Debug|x86
		Release|x64 = Release|x64
		Release|x86 = Release|x86
	EndGlobalSection
	GlobalSection(ProjectConfigurationPlatforms) = postSolution
		{C3F673E1-3F4A-4414-A77B-2EB87C6FF225}.Debug|x64.ActiveCfg = Debug|x64
		{C3F673E1-3F4A-4414-A77B-2EB87C6FF225}.Debug|x64.Build.0 = Debug|x64
		{C3F673E1-3F4A-4414-A77B-2EB87C6FF225}.Debug|x86.ActiveCfg = Debug|Win32
		{C3F673E1-3F4A-4414-A77B-2EB87C6FF225}.Debug|x86.Build.0 = Debug|Win32
		{C3F673E1-3F4A-4414-A77B-2EB87C6FF225}.Release|x64.ActiveCfg = Release|x64
		{C3F673E1-3F4A-4414-A77B-2EB87C6FF225}.Release|x64.Build.0 = Release|x64
		{C3F673E1-3F4A-4414-A77B-2EB87C6FF225}.Release|x86.ActiveCfg = Release|Win32
		{C3F673E1-3F4A-4414-A77B-2EB87C6FF225}.Release|x86.Build.0 = Release|Win32
	EndGlobalSection
	GlobalSection(SolutionProperties) = preSolution
		HideSolutionNode = FALSE
	EndGlobalSection
	GlobalSection(ExtensibilityGlobals) = postSolution
		SolutionGuid = {CE26CC9C-BB9E-464E-9CD8-428F04959975}
	EndGlobalSection
EndGlobal
